{
  "object": {
    "pins": [
      {
        "package": "Chica",
        "repositoryURL": "https://github.com/hyperspacedev/chica",
        "state": {
          "branch": "main",
          "revision": "19bc50ad348beda66766e9e2ddb33c240f4cdd23",
          "version": null
        }
      },
      {
        "package": "KeychainAccess",
        "repositoryURL": "https://github.com/kishikawakatsumi/KeychainAccess",
        "state": {
          "branch": null,
          "revision": "84e546727d66f1adc5439debad16270d0fdd04e7",
          "version": "4.2.2"
        }
      },
      {
        "package": "StylableScrollView",
        "repositoryURL": "https://github.com/hyperspacedev/StylableScrollView",
        "state": {
          "branch": "v1.0beta",
          "revision": "b2803cab4f45d84c2a8894aefe9b510e87eeb1c7",
          "version": null
        }
      }
    ]
  },
  "version": 1
}
