{
  "object": {
    "pins": [
      {
        "package": "chica",
        "repositoryURL": "https://github.com/hyperspacedev/chica",
        "state": {
          "branch": "main",
          "revision": "f1f2e63696ae0ddf17c80b9ad3cbbb5fd12766db",
          "version": null
        }
      },
      {
        "package": "KeychainAccess",
        "repositoryURL": "https://github.com/kishikawakatsumi/KeychainAccess",
        "state": {
          "branch": null,
          "revision": "84e546727d66f1adc5439debad16270d0fdd04e7",
          "version": "4.2.2"
        }
      }
    ]
  },
  "version": 1
}
