// !$*UTF8*$!
{
	archiveVersion = 1;
	classes = {
	};
	objectVersion = 52;
	objects = {

/* Begin PBXBuildFile section */
		BF014B0E24B67CBE002C5812 /* AppTabNavigation.swift in Sources */ = {isa = PBXBuildFile; fileRef = BF014B0D24B67CBE002C5812 /* AppTabNavigation.swift */; };
		BF0391EB24BE9BAA004987D5 /* NotificationsView.swift in Sources */ = {isa = PBXBuildFile; fileRef = BF0391EA24BE9BAA004987D5 /* NotificationsView.swift */; };
		BF0391EC24BE9BAA004987D5 /* NotificationsView.swift in Sources */ = {isa = PBXBuildFile; fileRef = BF0391EA24BE9BAA004987D5 /* NotificationsView.swift */; };
		BF11463E24B613E70040691B /* Standard.swift in Sources */ = {isa = PBXBuildFile; fileRef = BF11463D24B613E70040691B /* Standard.swift */; };
		BF11463F24B613E70040691B /* Standard.swift in Sources */ = {isa = PBXBuildFile; fileRef = BF11463D24B613E70040691B /* Standard.swift */; };
		BF1A91E724C3DF2400920C83 /* Atributika in Frameworks */ = {isa = PBXBuildFile; productRef = BF1A91E624C3DF2400920C83 /* Atributika */; };
		BF1A91E924C3DF2D00920C83 /* Atributika in Frameworks */ = {isa = PBXBuildFile; productRef = BF1A91E824C3DF2D00920C83 /* Atributika */; };
		BF315F1824BE0ACA00D0118E /* ProfileViewModel.swift in Sources */ = {isa = PBXBuildFile; fileRef = BF315F1724BE0ACA00D0118E /* ProfileViewModel.swift */; };
		BF315F1924BE0ACA00D0118E /* ProfileViewModel.swift in Sources */ = {isa = PBXBuildFile; fileRef = BF315F1724BE0ACA00D0118E /* ProfileViewModel.swift */; };
		BF44789524C0A1F20090DF76 /* AttributedTextView.swift in Sources */ = {isa = PBXBuildFile; fileRef = BF44789424C0A1F20090DF76 /* AttributedTextView.swift */; };
		BF44789624C0A1F20090DF76 /* AttributedTextView.swift in Sources */ = {isa = PBXBuildFile; fileRef = BF44789424C0A1F20090DF76 /* AttributedTextView.swift */; };
		BF455EDB24B402120066FB1B /* Visibility.swift in Sources */ = {isa = PBXBuildFile; fileRef = BF455EDA24B402120066FB1B /* Visibility.swift */; };
		BF455EDC24B402120066FB1B /* Visibility.swift in Sources */ = {isa = PBXBuildFile; fileRef = BF455EDA24B402120066FB1B /* Visibility.swift */; };
		BF673F0424B4A51F00A97FF3 /* Account.swift in Sources */ = {isa = PBXBuildFile; fileRef = BF673F0324B4A51F00A97FF3 /* Account.swift */; };
		BF673F0524B4A51F00A97FF3 /* Account.swift in Sources */ = {isa = PBXBuildFile; fileRef = BF673F0324B4A51F00A97FF3 /* Account.swift */; };
		BF673F0724B4AEBA00A97FF3 /* Notification.swift in Sources */ = {isa = PBXBuildFile; fileRef = BF673F0624B4AEBA00A97FF3 /* Notification.swift */; };
		BF673F0824B4AEBA00A97FF3 /* Notification.swift in Sources */ = {isa = PBXBuildFile; fileRef = BF673F0624B4AEBA00A97FF3 /* Notification.swift */; };
		BF673F0A24B4AF2D00A97FF3 /* NotificationType.swift in Sources */ = {isa = PBXBuildFile; fileRef = BF673F0924B4AF2D00A97FF3 /* NotificationType.swift */; };
		BF673F0B24B4AF2D00A97FF3 /* NotificationType.swift in Sources */ = {isa = PBXBuildFile; fileRef = BF673F0924B4AF2D00A97FF3 /* NotificationType.swift */; };
		BF673F0D24B4BD2800A97FF3 /* Tag.swift in Sources */ = {isa = PBXBuildFile; fileRef = BF673F0C24B4BD2800A97FF3 /* Tag.swift */; };
		BF673F0E24B4BD2800A97FF3 /* Tag.swift in Sources */ = {isa = PBXBuildFile; fileRef = BF673F0C24B4BD2800A97FF3 /* Tag.swift */; };
		BF673F1024B4BDA300A97FF3 /* History.swift in Sources */ = {isa = PBXBuildFile; fileRef = BF673F0F24B4BDA300A97FF3 /* History.swift */; };
		BF673F1124B4BDA300A97FF3 /* History.swift in Sources */ = {isa = PBXBuildFile; fileRef = BF673F0F24B4BDA300A97FF3 /* History.swift */; };
		BF673F1324B4C20200A97FF3 /* Application.swift in Sources */ = {isa = PBXBuildFile; fileRef = BF673F1224B4C20200A97FF3 /* Application.swift */; };
		BF673F1424B4C20200A97FF3 /* Application.swift in Sources */ = {isa = PBXBuildFile; fileRef = BF673F1224B4C20200A97FF3 /* Application.swift */; };
		BF673F1624B4C30A00A97FF3 /* CardType.swift in Sources */ = {isa = PBXBuildFile; fileRef = BF673F1524B4C30A00A97FF3 /* CardType.swift */; };
		BF673F1724B4C30A00A97FF3 /* CardType.swift in Sources */ = {isa = PBXBuildFile; fileRef = BF673F1524B4C30A00A97FF3 /* CardType.swift */; };
		BF673F1924B4C37200A97FF3 /* Card.swift in Sources */ = {isa = PBXBuildFile; fileRef = BF673F1824B4C37200A97FF3 /* Card.swift */; };
		BF673F1A24B4C37200A97FF3 /* Card.swift in Sources */ = {isa = PBXBuildFile; fileRef = BF673F1824B4C37200A97FF3 /* Card.swift */; };
		BF673F1C24B4C93000A97FF3 /* Poll.swift in Sources */ = {isa = PBXBuildFile; fileRef = BF673F1B24B4C93000A97FF3 /* Poll.swift */; };
		BF673F1D24B4C93000A97FF3 /* Poll.swift in Sources */ = {isa = PBXBuildFile; fileRef = BF673F1B24B4C93000A97FF3 /* Poll.swift */; };
		BF673F1F24B4CB5B00A97FF3 /* Mention.swift in Sources */ = {isa = PBXBuildFile; fileRef = BF673F1E24B4CB5B00A97FF3 /* Mention.swift */; };
		BF673F2024B4CB5B00A97FF3 /* Mention.swift in Sources */ = {isa = PBXBuildFile; fileRef = BF673F1E24B4CB5B00A97FF3 /* Mention.swift */; };
		BF673F2224B4CCEE00A97FF3 /* AttachmentType.swift in Sources */ = {isa = PBXBuildFile; fileRef = BF673F2124B4CCEE00A97FF3 /* AttachmentType.swift */; };
		BF673F2324B4CCEE00A97FF3 /* AttachmentType.swift in Sources */ = {isa = PBXBuildFile; fileRef = BF673F2124B4CCEE00A97FF3 /* AttachmentType.swift */; };
		BF673F2524B4CD6500A97FF3 /* Attachment.swift in Sources */ = {isa = PBXBuildFile; fileRef = BF673F2424B4CD6500A97FF3 /* Attachment.swift */; };
		BF673F2624B4CD6500A97FF3 /* Attachment.swift in Sources */ = {isa = PBXBuildFile; fileRef = BF673F2424B4CD6500A97FF3 /* Attachment.swift */; };
		BF673F2824B4CF9200A97FF3 /* Context.swift in Sources */ = {isa = PBXBuildFile; fileRef = BF673F2724B4CF9200A97FF3 /* Context.swift */; };
		BF673F2924B4CF9200A97FF3 /* Context.swift in Sources */ = {isa = PBXBuildFile; fileRef = BF673F2724B4CF9200A97FF3 /* Context.swift */; };
		BF673F2B24B4D08F00A97FF3 /* Instance.swift in Sources */ = {isa = PBXBuildFile; fileRef = BF673F2A24B4D08F00A97FF3 /* Instance.swift */; };
		BF673F2C24B4D08F00A97FF3 /* Instance.swift in Sources */ = {isa = PBXBuildFile; fileRef = BF673F2A24B4D08F00A97FF3 /* Instance.swift */; };
		BF8D008724BE38D100F330E5 /* ExploreViewModel.swift in Sources */ = {isa = PBXBuildFile; fileRef = BF8D008624BE38D100F330E5 /* ExploreViewModel.swift */; };
		BFBB3C7724A2D5C2007FEFE8 /* Tests_iOS.swift in Sources */ = {isa = PBXBuildFile; fileRef = BFBB3C7624A2D5C2007FEFE8 /* Tests_iOS.swift */; };
		BFBB3C8224A2D5C2007FEFE8 /* Tests_macOS.swift in Sources */ = {isa = PBXBuildFile; fileRef = BFBB3C8124A2D5C2007FEFE8 /* Tests_macOS.swift */; };
		BFBB3C8424A2D5C2007FEFE8 /* StarlightApp.swift in Sources */ = {isa = PBXBuildFile; fileRef = BFBB3C5B24A2D5BF007FEFE8 /* StarlightApp.swift */; };
		BFBB3C8524A2D5C2007FEFE8 /* StarlightApp.swift in Sources */ = {isa = PBXBuildFile; fileRef = BFBB3C5B24A2D5BF007FEFE8 /* StarlightApp.swift */; };
		BFBB3C8624A2D5C2007FEFE8 /* ContentView.swift in Sources */ = {isa = PBXBuildFile; fileRef = BFBB3C5C24A2D5BF007FEFE8 /* ContentView.swift */; };
		BFBB3C8724A2D5C2007FEFE8 /* ContentView.swift in Sources */ = {isa = PBXBuildFile; fileRef = BFBB3C5C24A2D5BF007FEFE8 /* ContentView.swift */; };
		BFBB3C8824A2D5C2007FEFE8 /* Assets.xcassets in Resources */ = {isa = PBXBuildFile; fileRef = BFBB3C5D24A2D5C2007FEFE8 /* Assets.xcassets */; };
		BFBB3C8924A2D5C2007FEFE8 /* Assets.xcassets in Resources */ = {isa = PBXBuildFile; fileRef = BFBB3C5D24A2D5C2007FEFE8 /* Assets.xcassets */; };
		BFD620B624BC06AA00730632 /* Client.swift in Sources */ = {isa = PBXBuildFile; fileRef = BFD620B524BC06AA00730632 /* Client.swift */; };
		BFD620B724BC06AA00730632 /* Client.swift in Sources */ = {isa = PBXBuildFile; fileRef = BFD620B524BC06AA00730632 /* Client.swift */; };
		BFD620B924BC078100730632 /* TimelineScope.swift in Sources */ = {isa = PBXBuildFile; fileRef = BFD620B824BC078100730632 /* TimelineScope.swift */; };
		BFD620BA24BC078100730632 /* TimelineScope.swift in Sources */ = {isa = PBXBuildFile; fileRef = BFD620B824BC078100730632 /* TimelineScope.swift */; };
		BFD620BC24BC09E000730632 /* ExploreView.swift in Sources */ = {isa = PBXBuildFile; fileRef = BFD620BB24BC09E000730632 /* ExploreView.swift */; };
		BFD620BF24BC0D9300730632 /* RecommendedProfile.swift in Sources */ = {isa = PBXBuildFile; fileRef = BFD620BE24BC0D9300730632 /* RecommendedProfile.swift */; };
		BFD620C024BC0D9300730632 /* RecommendedProfile.swift in Sources */ = {isa = PBXBuildFile; fileRef = BFD620BE24BC0D9300730632 /* RecommendedProfile.swift */; };
		BFE07C8724BCA6F800203706 /* RecommendedView.swift in Sources */ = {isa = PBXBuildFile; fileRef = BFE07C8624BCA6F800203706 /* RecommendedView.swift */; };
		BFE07C8824BCA6F800203706 /* RecommendedView.swift in Sources */ = {isa = PBXBuildFile; fileRef = BFE07C8624BCA6F800203706 /* RecommendedView.swift */; };
		BFE07C8A24BCA86B00203706 /* HomeView.swift in Sources */ = {isa = PBXBuildFile; fileRef = BFE07C8924BCA86B00203706 /* HomeView.swift */; };
		BFE07C8B24BCA86B00203706 /* HomeView.swift in Sources */ = {isa = PBXBuildFile; fileRef = BFE07C8924BCA86B00203706 /* HomeView.swift */; };
		BFE07C8D24BCAF6100203706 /* ProfileView.swift in Sources */ = {isa = PBXBuildFile; fileRef = BFE07C8C24BCAF6100203706 /* ProfileView.swift */; };
		BFE07C8E24BCAF6100203706 /* ProfileView.swift in Sources */ = {isa = PBXBuildFile; fileRef = BFE07C8C24BCAF6100203706 /* ProfileView.swift */; };
		FA384B7424B77A84008E60E3 /* StatusView.swift in Sources */ = {isa = PBXBuildFile; fileRef = FA384B7324B77A84008E60E3 /* StatusView.swift */; };
		FA384B7F24B781EB008E60E3 /* colorFunctions.swift in Sources */ = {isa = PBXBuildFile; fileRef = FA384B7E24B781EB008E60E3 /* colorFunctions.swift */; };
		FA48238624B46A860095E415 /* Field.swift in Sources */ = {isa = PBXBuildFile; fileRef = FA48238524B46A860095E415 /* Field.swift */; };
		FA48238724B46A860095E415 /* Field.swift in Sources */ = {isa = PBXBuildFile; fileRef = FA48238524B46A860095E415 /* Field.swift */; };
		FA48238924B46E580095E415 /* Emoji.swift in Sources */ = {isa = PBXBuildFile; fileRef = FA48238824B46E580095E415 /* Emoji.swift */; };
		FA48238A24B46E580095E415 /* Emoji.swift in Sources */ = {isa = PBXBuildFile; fileRef = FA48238824B46E580095E415 /* Emoji.swift */; };
		FA55FA2C24BF0E1100A5EE13 /* Reachability.swift in Sources */ = {isa = PBXBuildFile; fileRef = FA55FA2B24BF0E1100A5EE13 /* Reachability.swift */; };
		FA55FA2D24BF0E1100A5EE13 /* Reachability.swift in Sources */ = {isa = PBXBuildFile; fileRef = FA55FA2B24BF0E1100A5EE13 /* Reachability.swift */; };
		FA74999E24BC3FBD002A9E69 /* AttachmentView.swift in Sources */ = {isa = PBXBuildFile; fileRef = FA74999D24BC3FBD002A9E69 /* AttachmentView.swift */; };
		FA74999F24BC3FBD002A9E69 /* AttachmentView.swift in Sources */ = {isa = PBXBuildFile; fileRef = FA74999D24BC3FBD002A9E69 /* AttachmentView.swift */; };
		FA7499A124BC41D5002A9E69 /* ImageDisplayView.swift in Sources */ = {isa = PBXBuildFile; fileRef = FA7499A024BC41D5002A9E69 /* ImageDisplayView.swift */; };
		FA7499A224BC41D5002A9E69 /* ImageDisplayView.swift in Sources */ = {isa = PBXBuildFile; fileRef = FA7499A024BC41D5002A9E69 /* ImageDisplayView.swift */; };
		FA7E988D24B86686002C9476 /* ThreadView.swift in Sources */ = {isa = PBXBuildFile; fileRef = FA7E988B24B86686002C9476 /* ThreadView.swift */; };
		FA7E989724B8EB27002C9476 /* NetworkView.swift in Sources */ = {isa = PBXBuildFile; fileRef = FA7E989624B8EB27002C9476 /* NetworkView.swift */; };
		FA7E989824B8EB27002C9476 /* NetworkView.swift in Sources */ = {isa = PBXBuildFile; fileRef = FA7E989624B8EB27002C9476 /* NetworkView.swift */; };
		FA7E989924B8EB6C002C9476 /* StatusView.swift in Sources */ = {isa = PBXBuildFile; fileRef = FA384B7324B77A84008E60E3 /* StatusView.swift */; };
		FA7E989A24B8EB79002C9476 /* colorFunctions.swift in Sources */ = {isa = PBXBuildFile; fileRef = FA384B7E24B781EB008E60E3 /* colorFunctions.swift */; };
		FA7E989E24B9A827002C9476 /* ThreadView.swift in Sources */ = {isa = PBXBuildFile; fileRef = FA7E988B24B86686002C9476 /* ThreadView.swift */; };
		FA7E98A124B9D677002C9476 /* NetworkViewModel.swift in Sources */ = {isa = PBXBuildFile; fileRef = FA7E98A024B9D677002C9476 /* NetworkViewModel.swift */; };
		FA7E98A224B9D677002C9476 /* NetworkViewModel.swift in Sources */ = {isa = PBXBuildFile; fileRef = FA7E98A024B9D677002C9476 /* NetworkViewModel.swift */; };
		FA7E98A424B9DC32002C9476 /* RemoteImageModel.swift in Sources */ = {isa = PBXBuildFile; fileRef = FA7E98A324B9DC32002C9476 /* RemoteImageModel.swift */; };
		FA7E98A524B9DC32002C9476 /* RemoteImageModel.swift in Sources */ = {isa = PBXBuildFile; fileRef = FA7E98A324B9DC32002C9476 /* RemoteImageModel.swift */; };
		FA7E98A724B9DD3F002C9476 /* ProfileImage.swift in Sources */ = {isa = PBXBuildFile; fileRef = FA7E98A624B9DD3F002C9476 /* ProfileImage.swift */; };
		FA7E98A824B9DD3F002C9476 /* ProfileImage.swift in Sources */ = {isa = PBXBuildFile; fileRef = FA7E98A624B9DD3F002C9476 /* ProfileImage.swift */; };
		FA7E98AA24BA5A46002C9476 /* roundNumbers.swift in Sources */ = {isa = PBXBuildFile; fileRef = FA7E98A924BA5A46002C9476 /* roundNumbers.swift */; };
		FA7E98AB24BA5A46002C9476 /* roundNumbers.swift in Sources */ = {isa = PBXBuildFile; fileRef = FA7E98A924BA5A46002C9476 /* roundNumbers.swift */; };
		FA7E98AD24BA5EFA002C9476 /* dateFormatter.swift in Sources */ = {isa = PBXBuildFile; fileRef = FA7E98AC24BA5EFA002C9476 /* dateFormatter.swift */; };
		FA7E98AE24BA5EFA002C9476 /* dateFormatter.swift in Sources */ = {isa = PBXBuildFile; fileRef = FA7E98AC24BA5EFA002C9476 /* dateFormatter.swift */; };
		FAE1262C24C03D4D002778FB /* avernirNext.swift in Sources */ = {isa = PBXBuildFile; fileRef = FAE1262B24C03D4D002778FB /* avernirNext.swift */; };
		FAE1262D24C03D4D002778FB /* avernirNext.swift in Sources */ = {isa = PBXBuildFile; fileRef = FAE1262B24C03D4D002778FB /* avernirNext.swift */; };
		FAE4B25624B47032000B5405 /* Source.swift in Sources */ = {isa = PBXBuildFile; fileRef = FAE4B25524B47032000B5405 /* Source.swift */; };
		FAE4B25724B47032000B5405 /* Source.swift in Sources */ = {isa = PBXBuildFile; fileRef = FAE4B25524B47032000B5405 /* Source.swift */; };
		FAE4B25C24B4ABFA000B5405 /* Status.swift in Sources */ = {isa = PBXBuildFile; fileRef = FAE4B25B24B4ABFA000B5405 /* Status.swift */; };
		FAE4B25D24B4ABFA000B5405 /* Status.swift in Sources */ = {isa = PBXBuildFile; fileRef = FAE4B25B24B4ABFA000B5405 /* Status.swift */; };
		FAE4B25F24B4EE83000B5405 /* Announcement.swift in Sources */ = {isa = PBXBuildFile; fileRef = FAE4B25E24B4EE83000B5405 /* Announcement.swift */; };
		FAE4B26024B4EE83000B5405 /* Announcement.swift in Sources */ = {isa = PBXBuildFile; fileRef = FAE4B25E24B4EE83000B5405 /* Announcement.swift */; };
		FAE4B26224B4F1FA000B5405 /* AnnouncementReaction.swift in Sources */ = {isa = PBXBuildFile; fileRef = FAE4B26124B4F1FA000B5405 /* AnnouncementReaction.swift */; };
		FAE4B26324B4F1FA000B5405 /* AnnouncementReaction.swift in Sources */ = {isa = PBXBuildFile; fileRef = FAE4B26124B4F1FA000B5405 /* AnnouncementReaction.swift */; };
		FAE4B26524B4F532000B5405 /* Relationship.swift in Sources */ = {isa = PBXBuildFile; fileRef = FAE4B26424B4F532000B5405 /* Relationship.swift */; };
		FAE4B26624B4F532000B5405 /* Relationship.swift in Sources */ = {isa = PBXBuildFile; fileRef = FAE4B26424B4F532000B5405 /* Relationship.swift */; };
		FAE4B26824B500DC000B5405 /* PollOption.swift in Sources */ = {isa = PBXBuildFile; fileRef = FAE4B26724B500DC000B5405 /* PollOption.swift */; };
		FAE4B26924B500DC000B5405 /* PollOption.swift in Sources */ = {isa = PBXBuildFile; fileRef = FAE4B26724B500DC000B5405 /* PollOption.swift */; };
		FAEDC00A24BAEA540034EF6F /* ThreadViewModel.swift in Sources */ = {isa = PBXBuildFile; fileRef = FAEDC00924BAEA540034EF6F /* ThreadViewModel.swift */; };
		FAEDC00B24BAEA540034EF6F /* ThreadViewModel.swift in Sources */ = {isa = PBXBuildFile; fileRef = FAEDC00924BAEA540034EF6F /* ThreadViewModel.swift */; };
		FAEDC00D24BB12090034EF6F /* openUrl.swift in Sources */ = {isa = PBXBuildFile; fileRef = FAEDC00C24BB12090034EF6F /* openUrl.swift */; };
		FAEDC00E24BB12090034EF6F /* openUrl.swift in Sources */ = {isa = PBXBuildFile; fileRef = FAEDC00C24BB12090034EF6F /* openUrl.swift */; };
		FAF9CA2124BE1C9700BE09BE /* RemoteImage.swift in Sources */ = {isa = PBXBuildFile; fileRef = FAF9CA2024BE1C9700BE09BE /* RemoteImage.swift */; };
		FAF9CA2224BE1C9700BE09BE /* RemoteImage.swift in Sources */ = {isa = PBXBuildFile; fileRef = FAF9CA2024BE1C9700BE09BE /* RemoteImage.swift */; };
/* End PBXBuildFile section */

/* Begin PBXContainerItemProxy section */
		BFBB3C7324A2D5C2007FEFE8 /* PBXContainerItemProxy */ = {
			isa = PBXContainerItemProxy;
			containerPortal = BFBB3C5624A2D5BE007FEFE8 /* Project object */;
			proxyType = 1;
			remoteGlobalIDString = BFBB3C6124A2D5C2007FEFE8;
			remoteInfo = iOS;
		};
		BFBB3C7E24A2D5C2007FEFE8 /* PBXContainerItemProxy */ = {
			isa = PBXContainerItemProxy;
			containerPortal = BFBB3C5624A2D5BE007FEFE8 /* Project object */;
			proxyType = 1;
			remoteGlobalIDString = BFBB3C6924A2D5C2007FEFE8;
			remoteInfo = macOS;
		};
/* End PBXContainerItemProxy section */

/* Begin PBXFileReference section */
		BF014B0D24B67CBE002C5812 /* AppTabNavigation.swift */ = {isa = PBXFileReference; lastKnownFileType = sourcecode.swift; path = AppTabNavigation.swift; sourceTree = "<group>"; };
		BF0391EA24BE9BAA004987D5 /* NotificationsView.swift */ = {isa = PBXFileReference; lastKnownFileType = sourcecode.swift; path = NotificationsView.swift; sourceTree = "<group>"; };
		BF11463D24B613E70040691B /* Standard.swift */ = {isa = PBXFileReference; lastKnownFileType = sourcecode.swift; path = Standard.swift; sourceTree = "<group>"; };
		BF315F1724BE0ACA00D0118E /* ProfileViewModel.swift */ = {isa = PBXFileReference; lastKnownFileType = sourcecode.swift; path = ProfileViewModel.swift; sourceTree = "<group>"; };
		BF44789424C0A1F20090DF76 /* AttributedTextView.swift */ = {isa = PBXFileReference; lastKnownFileType = sourcecode.swift; path = AttributedTextView.swift; sourceTree = "<group>"; };
		BF455EDA24B402120066FB1B /* Visibility.swift */ = {isa = PBXFileReference; lastKnownFileType = sourcecode.swift; path = Visibility.swift; sourceTree = "<group>"; };
		BF673EFF24B407E400A97FF3 /* .swiftlint.yml */ = {isa = PBXFileReference; lastKnownFileType = text.yaml; path = .swiftlint.yml; sourceTree = "<group>"; };
		BF673F0324B4A51F00A97FF3 /* Account.swift */ = {isa = PBXFileReference; lastKnownFileType = sourcecode.swift; path = Account.swift; sourceTree = "<group>"; };
		BF673F0624B4AEBA00A97FF3 /* Notification.swift */ = {isa = PBXFileReference; lastKnownFileType = sourcecode.swift; path = Notification.swift; sourceTree = "<group>"; };
		BF673F0924B4AF2D00A97FF3 /* NotificationType.swift */ = {isa = PBXFileReference; lastKnownFileType = sourcecode.swift; path = NotificationType.swift; sourceTree = "<group>"; };
		BF673F0C24B4BD2800A97FF3 /* Tag.swift */ = {isa = PBXFileReference; lastKnownFileType = sourcecode.swift; path = Tag.swift; sourceTree = "<group>"; };
		BF673F0F24B4BDA300A97FF3 /* History.swift */ = {isa = PBXFileReference; lastKnownFileType = sourcecode.swift; path = History.swift; sourceTree = "<group>"; };
		BF673F1224B4C20200A97FF3 /* Application.swift */ = {isa = PBXFileReference; lastKnownFileType = sourcecode.swift; path = Application.swift; sourceTree = "<group>"; };
		BF673F1524B4C30A00A97FF3 /* CardType.swift */ = {isa = PBXFileReference; lastKnownFileType = sourcecode.swift; path = CardType.swift; sourceTree = "<group>"; };
		BF673F1824B4C37200A97FF3 /* Card.swift */ = {isa = PBXFileReference; lastKnownFileType = sourcecode.swift; path = Card.swift; sourceTree = "<group>"; };
		BF673F1B24B4C93000A97FF3 /* Poll.swift */ = {isa = PBXFileReference; lastKnownFileType = sourcecode.swift; path = Poll.swift; sourceTree = "<group>"; };
		BF673F1E24B4CB5B00A97FF3 /* Mention.swift */ = {isa = PBXFileReference; lastKnownFileType = sourcecode.swift; path = Mention.swift; sourceTree = "<group>"; };
		BF673F2124B4CCEE00A97FF3 /* AttachmentType.swift */ = {isa = PBXFileReference; lastKnownFileType = sourcecode.swift; path = AttachmentType.swift; sourceTree = "<group>"; };
		BF673F2424B4CD6500A97FF3 /* Attachment.swift */ = {isa = PBXFileReference; lastKnownFileType = sourcecode.swift; path = Attachment.swift; sourceTree = "<group>"; };
		BF673F2724B4CF9200A97FF3 /* Context.swift */ = {isa = PBXFileReference; lastKnownFileType = sourcecode.swift; path = Context.swift; sourceTree = "<group>"; };
		BF673F2A24B4D08F00A97FF3 /* Instance.swift */ = {isa = PBXFileReference; lastKnownFileType = sourcecode.swift; path = Instance.swift; sourceTree = "<group>"; };
		BF8D008624BE38D100F330E5 /* ExploreViewModel.swift */ = {isa = PBXFileReference; lastKnownFileType = sourcecode.swift; path = ExploreViewModel.swift; sourceTree = "<group>"; };
		BFBB3C5B24A2D5BF007FEFE8 /* StarlightApp.swift */ = {isa = PBXFileReference; lastKnownFileType = sourcecode.swift; path = StarlightApp.swift; sourceTree = "<group>"; };
		BFBB3C5C24A2D5BF007FEFE8 /* ContentView.swift */ = {isa = PBXFileReference; lastKnownFileType = sourcecode.swift; path = ContentView.swift; sourceTree = "<group>"; };
		BFBB3C5D24A2D5C2007FEFE8 /* Assets.xcassets */ = {isa = PBXFileReference; lastKnownFileType = folder.assetcatalog; path = Assets.xcassets; sourceTree = "<group>"; };
		BFBB3C6224A2D5C2007FEFE8 /* Hyperspace.app */ = {isa = PBXFileReference; explicitFileType = wrapper.application; includeInIndex = 0; path = Hyperspace.app; sourceTree = BUILT_PRODUCTS_DIR; };
		BFBB3C6524A2D5C2007FEFE8 /* Info.plist */ = {isa = PBXFileReference; lastKnownFileType = text.plist.xml; path = Info.plist; sourceTree = "<group>"; };
		BFBB3C6A24A2D5C2007FEFE8 /* Hyperspace.app */ = {isa = PBXFileReference; explicitFileType = wrapper.application; includeInIndex = 0; path = Hyperspace.app; sourceTree = BUILT_PRODUCTS_DIR; };
		BFBB3C6C24A2D5C2007FEFE8 /* Info.plist */ = {isa = PBXFileReference; lastKnownFileType = text.plist.xml; path = Info.plist; sourceTree = "<group>"; };
		BFBB3C6D24A2D5C2007FEFE8 /* macOS.entitlements */ = {isa = PBXFileReference; lastKnownFileType = text.plist.entitlements; path = macOS.entitlements; sourceTree = "<group>"; };
		BFBB3C7224A2D5C2007FEFE8 /* Tests iOS.xctest */ = {isa = PBXFileReference; explicitFileType = wrapper.cfbundle; includeInIndex = 0; path = "Tests iOS.xctest"; sourceTree = BUILT_PRODUCTS_DIR; };
		BFBB3C7624A2D5C2007FEFE8 /* Tests_iOS.swift */ = {isa = PBXFileReference; lastKnownFileType = sourcecode.swift; path = Tests_iOS.swift; sourceTree = "<group>"; };
		BFBB3C7824A2D5C2007FEFE8 /* Info.plist */ = {isa = PBXFileReference; lastKnownFileType = text.plist.xml; path = Info.plist; sourceTree = "<group>"; };
		BFBB3C7D24A2D5C2007FEFE8 /* Tests macOS.xctest */ = {isa = PBXFileReference; explicitFileType = wrapper.cfbundle; includeInIndex = 0; path = "Tests macOS.xctest"; sourceTree = BUILT_PRODUCTS_DIR; };
		BFBB3C8124A2D5C2007FEFE8 /* Tests_macOS.swift */ = {isa = PBXFileReference; lastKnownFileType = sourcecode.swift; path = Tests_macOS.swift; sourceTree = "<group>"; };
		BFBB3C8324A2D5C2007FEFE8 /* Info.plist */ = {isa = PBXFileReference; lastKnownFileType = text.plist.xml; path = Info.plist; sourceTree = "<group>"; };
		BFBB3C9824A2D631007FEFE8 /* .gitignore */ = {isa = PBXFileReference; lastKnownFileType = text; path = .gitignore; sourceTree = "<group>"; };
		BFBB3C9924A2D80D007FEFE8 /* README.md */ = {isa = PBXFileReference; lastKnownFileType = net.daringfireball.markdown; path = README.md; sourceTree = "<group>"; };
		BFBB3C9A24A2D8D0007FEFE8 /* LICENSE.txt */ = {isa = PBXFileReference; lastKnownFileType = text; path = LICENSE.txt; sourceTree = "<group>"; };
		BFBB3C9B24A2DA30007FEFE8 /* .github */ = {isa = PBXFileReference; lastKnownFileType = folder; path = .github; sourceTree = "<group>"; };
		BFD620B524BC06AA00730632 /* Client.swift */ = {isa = PBXFileReference; lastKnownFileType = sourcecode.swift; path = Client.swift; sourceTree = "<group>"; };
		BFD620B824BC078100730632 /* TimelineScope.swift */ = {isa = PBXFileReference; lastKnownFileType = sourcecode.swift; path = TimelineScope.swift; sourceTree = "<group>"; };
		BFD620BB24BC09E000730632 /* ExploreView.swift */ = {isa = PBXFileReference; lastKnownFileType = sourcecode.swift; path = ExploreView.swift; sourceTree = "<group>"; };
		BFD620BE24BC0D9300730632 /* RecommendedProfile.swift */ = {isa = PBXFileReference; lastKnownFileType = sourcecode.swift; path = RecommendedProfile.swift; sourceTree = "<group>"; };
		BFE07C8624BCA6F800203706 /* RecommendedView.swift */ = {isa = PBXFileReference; lastKnownFileType = sourcecode.swift; path = RecommendedView.swift; sourceTree = "<group>"; };
		BFE07C8924BCA86B00203706 /* HomeView.swift */ = {isa = PBXFileReference; lastKnownFileType = sourcecode.swift; path = HomeView.swift; sourceTree = "<group>"; };
		BFE07C8C24BCAF6100203706 /* ProfileView.swift */ = {isa = PBXFileReference; lastKnownFileType = sourcecode.swift; path = ProfileView.swift; sourceTree = "<group>"; };
		FA384B7324B77A84008E60E3 /* StatusView.swift */ = {isa = PBXFileReference; fileEncoding = 4; lastKnownFileType = sourcecode.swift; path = StatusView.swift; sourceTree = "<group>"; };
		FA384B7E24B781EB008E60E3 /* colorFunctions.swift */ = {isa = PBXFileReference; lastKnownFileType = sourcecode.swift; path = colorFunctions.swift; sourceTree = "<group>"; };
		FA48238524B46A860095E415 /* Field.swift */ = {isa = PBXFileReference; lastKnownFileType = sourcecode.swift; path = Field.swift; sourceTree = "<group>"; };
		FA48238824B46E580095E415 /* Emoji.swift */ = {isa = PBXFileReference; lastKnownFileType = sourcecode.swift; path = Emoji.swift; sourceTree = "<group>"; };
		FA55FA2B24BF0E1100A5EE13 /* Reachability.swift */ = {isa = PBXFileReference; lastKnownFileType = sourcecode.swift; path = Reachability.swift; sourceTree = "<group>"; };
		FA74999D24BC3FBD002A9E69 /* AttachmentView.swift */ = {isa = PBXFileReference; lastKnownFileType = sourcecode.swift; path = AttachmentView.swift; sourceTree = "<group>"; };
		FA7499A024BC41D5002A9E69 /* ImageDisplayView.swift */ = {isa = PBXFileReference; lastKnownFileType = sourcecode.swift; path = ImageDisplayView.swift; sourceTree = "<group>"; };
		FA7E988B24B86686002C9476 /* ThreadView.swift */ = {isa = PBXFileReference; fileEncoding = 4; lastKnownFileType = sourcecode.swift; path = ThreadView.swift; sourceTree = "<group>"; };
		FA7E989624B8EB27002C9476 /* NetworkView.swift */ = {isa = PBXFileReference; lastKnownFileType = sourcecode.swift; path = NetworkView.swift; sourceTree = "<group>"; };
		FA7E98A024B9D677002C9476 /* NetworkViewModel.swift */ = {isa = PBXFileReference; lastKnownFileType = sourcecode.swift; path = NetworkViewModel.swift; sourceTree = "<group>"; };
		FA7E98A324B9DC32002C9476 /* RemoteImageModel.swift */ = {isa = PBXFileReference; lastKnownFileType = sourcecode.swift; path = RemoteImageModel.swift; sourceTree = "<group>"; };
		FA7E98A624B9DD3F002C9476 /* ProfileImage.swift */ = {isa = PBXFileReference; lastKnownFileType = sourcecode.swift; path = ProfileImage.swift; sourceTree = "<group>"; };
		FA7E98A924BA5A46002C9476 /* roundNumbers.swift */ = {isa = PBXFileReference; lastKnownFileType = sourcecode.swift; path = roundNumbers.swift; sourceTree = "<group>"; };
		FA7E98AC24BA5EFA002C9476 /* dateFormatter.swift */ = {isa = PBXFileReference; lastKnownFileType = sourcecode.swift; path = dateFormatter.swift; sourceTree = "<group>"; };
		FAE1262B24C03D4D002778FB /* avernirNext.swift */ = {isa = PBXFileReference; lastKnownFileType = sourcecode.swift; path = avernirNext.swift; sourceTree = "<group>"; };
		FAE4B25524B47032000B5405 /* Source.swift */ = {isa = PBXFileReference; lastKnownFileType = sourcecode.swift; path = Source.swift; sourceTree = "<group>"; };
		FAE4B25B24B4ABFA000B5405 /* Status.swift */ = {isa = PBXFileReference; lastKnownFileType = sourcecode.swift; path = Status.swift; sourceTree = "<group>"; };
		FAE4B25E24B4EE83000B5405 /* Announcement.swift */ = {isa = PBXFileReference; lastKnownFileType = sourcecode.swift; path = Announcement.swift; sourceTree = "<group>"; };
		FAE4B26124B4F1FA000B5405 /* AnnouncementReaction.swift */ = {isa = PBXFileReference; lastKnownFileType = sourcecode.swift; path = AnnouncementReaction.swift; sourceTree = "<group>"; };
		FAE4B26424B4F532000B5405 /* Relationship.swift */ = {isa = PBXFileReference; lastKnownFileType = sourcecode.swift; path = Relationship.swift; sourceTree = "<group>"; };
		FAE4B26724B500DC000B5405 /* PollOption.swift */ = {isa = PBXFileReference; lastKnownFileType = sourcecode.swift; path = PollOption.swift; sourceTree = "<group>"; };
		FAEDC00924BAEA540034EF6F /* ThreadViewModel.swift */ = {isa = PBXFileReference; lastKnownFileType = sourcecode.swift; path = ThreadViewModel.swift; sourceTree = "<group>"; };
		FAEDC00C24BB12090034EF6F /* openUrl.swift */ = {isa = PBXFileReference; lastKnownFileType = sourcecode.swift; path = openUrl.swift; sourceTree = "<group>"; };
		FAF9CA2024BE1C9700BE09BE /* RemoteImage.swift */ = {isa = PBXFileReference; lastKnownFileType = sourcecode.swift; path = RemoteImage.swift; sourceTree = "<group>"; };
/* End PBXFileReference section */

/* Begin PBXFrameworksBuildPhase section */
		BFBB3C5F24A2D5C2007FEFE8 /* Frameworks */ = {
			isa = PBXFrameworksBuildPhase;
			buildActionMask = 2147483647;
			files = (
				BF1A91E724C3DF2400920C83 /* Atributika in Frameworks */,
			);
			runOnlyForDeploymentPostprocessing = 0;
		};
		BFBB3C6724A2D5C2007FEFE8 /* Frameworks */ = {
			isa = PBXFrameworksBuildPhase;
			buildActionMask = 2147483647;
			files = (
				BF1A91E924C3DF2D00920C83 /* Atributika in Frameworks */,
			);
			runOnlyForDeploymentPostprocessing = 0;
		};
		BFBB3C6F24A2D5C2007FEFE8 /* Frameworks */ = {
			isa = PBXFrameworksBuildPhase;
			buildActionMask = 2147483647;
			files = (
			);
			runOnlyForDeploymentPostprocessing = 0;
		};
		BFBB3C7A24A2D5C2007FEFE8 /* Frameworks */ = {
			isa = PBXFrameworksBuildPhase;
			buildActionMask = 2147483647;
			files = (
			);
			runOnlyForDeploymentPostprocessing = 0;
		};
/* End PBXFrameworksBuildPhase section */

/* Begin PBXGroup section */
		BF11463C24B613CC0040691B /* Navigation */ = {
			isa = PBXGroup;
			children = (
				BF11463D24B613E70040691B /* Standard.swift */,
			);
			path = Navigation;
			sourceTree = "<group>";
		};
		BF315F1624BDF18E00D0118E /* Representables */ = {
			isa = PBXGroup;
			children = (
				BF673F0324B4A51F00A97FF3 /* Account.swift */,
				FAE4B25E24B4EE83000B5405 /* Announcement.swift */,
				FAE4B26124B4F1FA000B5405 /* AnnouncementReaction.swift */,
				BF673F1224B4C20200A97FF3 /* Application.swift */,
				BF673F2424B4CD6500A97FF3 /* Attachment.swift */,
				BF673F1824B4C37200A97FF3 /* Card.swift */,
				BF673F2724B4CF9200A97FF3 /* Context.swift */,
				FA48238824B46E580095E415 /* Emoji.swift */,
				FA48238524B46A860095E415 /* Field.swift */,
				BF673F0F24B4BDA300A97FF3 /* History.swift */,
				BF673F2A24B4D08F00A97FF3 /* Instance.swift */,
				BF673F1E24B4CB5B00A97FF3 /* Mention.swift */,
				BF673F0624B4AEBA00A97FF3 /* Notification.swift */,
				BF673F1B24B4C93000A97FF3 /* Poll.swift */,
				FAE4B26724B500DC000B5405 /* PollOption.swift */,
				FAE4B26424B4F532000B5405 /* Relationship.swift */,
				FAE4B25524B47032000B5405 /* Source.swift */,
				FAE4B25B24B4ABFA000B5405 /* Status.swift */,
				BF673F0C24B4BD2800A97FF3 /* Tag.swift */,
			);
			path = Representables;
			sourceTree = "<group>";
		};
		BF44788E24C099A00090DF76 /* Frameworks */ = {
			isa = PBXGroup;
			children = (
			);
			name = Frameworks;
			sourceTree = "<group>";
		};
		BF455ED824B401830066FB1B /* Models */ = {
			isa = PBXGroup;
			children = (
				FA48238124B45CC30095E415 /* Classes */,
				BF455EDE24B4021E0066FB1B /* Enums */,
			);
			path = Models;
			sourceTree = "<group>";
		};
		BF455ED924B401860066FB1B /* Views */ = {
			isa = PBXGroup;
			children = (
				FAE7E31C24B77A550056463B /* Components */,
				BF11463C24B613CC0040691B /* Navigation */,
				BFBB3C5C24A2D5BF007FEFE8 /* ContentView.swift */,
				FA7E989624B8EB27002C9476 /* NetworkView.swift */,
				FA7E988B24B86686002C9476 /* ThreadView.swift */,
				BFE07C8624BCA6F800203706 /* RecommendedView.swift */,
				BFE07C8924BCA86B00203706 /* HomeView.swift */,
				BFE07C8C24BCAF6100203706 /* ProfileView.swift */,
				BF0391EA24BE9BAA004987D5 /* NotificationsView.swift */,
			);
			path = Views;
			sourceTree = "<group>";
		};
		BF455EDE24B4021E0066FB1B /* Enums */ = {
			isa = PBXGroup;
			children = (
				BF673F2124B4CCEE00A97FF3 /* AttachmentType.swift */,
				BF673F1524B4C30A00A97FF3 /* CardType.swift */,
				BF673F0924B4AF2D00A97FF3 /* NotificationType.swift */,
				BF455EDA24B402120066FB1B /* Visibility.swift */,
				BFD620B824BC078100730632 /* TimelineScope.swift */,
			);
			path = Enums;
			sourceTree = "<group>";
		};
		BFBB3C5524A2D5BE007FEFE8 = {
			isa = PBXGroup;
			children = (
				BF673EFF24B407E400A97FF3 /* .swiftlint.yml */,
				BFBB3C9924A2D80D007FEFE8 /* README.md */,
				BFBB3C9B24A2DA30007FEFE8 /* .github */,
				BFBB3C5A24A2D5BF007FEFE8 /* Shared */,
				BFBB3C6424A2D5C2007FEFE8 /* iOS */,
				BFBB3C6B24A2D5C2007FEFE8 /* macOS */,
				BFBB3C7524A2D5C2007FEFE8 /* Tests iOS */,
				BFBB3C8024A2D5C2007FEFE8 /* Tests macOS */,
				BFBB3C6324A2D5C2007FEFE8 /* Products */,
				BFBB3C9824A2D631007FEFE8 /* .gitignore */,
				BFBB3C9A24A2D8D0007FEFE8 /* LICENSE.txt */,
				BF44788E24C099A00090DF76 /* Frameworks */,
			);
			sourceTree = "<group>";
		};
		BFBB3C5A24A2D5BF007FEFE8 /* Shared */ = {
			isa = PBXGroup;
			children = (
				BFBB3C5D24A2D5C2007FEFE8 /* Assets.xcassets */,
				FA384B7D24B781D8008E60E3 /* Helpers */,
				BF455ED824B401830066FB1B /* Models */,
				FA7E989F24B9D283002C9476 /* ViewModels */,
				BF455ED924B401860066FB1B /* Views */,
				BFBB3C5B24A2D5BF007FEFE8 /* StarlightApp.swift */,
			);
			path = Shared;
			sourceTree = "<group>";
		};
		BFBB3C6324A2D5C2007FEFE8 /* Products */ = {
			isa = PBXGroup;
			children = (
				BFBB3C6224A2D5C2007FEFE8 /* Hyperspace.app */,
				BFBB3C6A24A2D5C2007FEFE8 /* Hyperspace.app */,
				BFBB3C7224A2D5C2007FEFE8 /* Tests iOS.xctest */,
				BFBB3C7D24A2D5C2007FEFE8 /* Tests macOS.xctest */,
			);
			name = Products;
			sourceTree = "<group>";
		};
		BFBB3C6424A2D5C2007FEFE8 /* iOS */ = {
			isa = PBXGroup;
			children = (
				BF8D008624BE38D100F330E5 /* ExploreViewModel.swift */,
				BFBB3C6524A2D5C2007FEFE8 /* Info.plist */,
				BFD620BB24BC09E000730632 /* ExploreView.swift */,
				BF014B0D24B67CBE002C5812 /* AppTabNavigation.swift */,
			);
			path = iOS;
			sourceTree = "<group>";
		};
		BFBB3C6B24A2D5C2007FEFE8 /* macOS */ = {
			isa = PBXGroup;
			children = (
				BFBB3C6C24A2D5C2007FEFE8 /* Info.plist */,
				BFBB3C6D24A2D5C2007FEFE8 /* macOS.entitlements */,
			);
			path = macOS;
			sourceTree = "<group>";
		};
		BFBB3C7524A2D5C2007FEFE8 /* Tests iOS */ = {
			isa = PBXGroup;
			children = (
				BFBB3C7624A2D5C2007FEFE8 /* Tests_iOS.swift */,
				BFBB3C7824A2D5C2007FEFE8 /* Info.plist */,
			);
			path = "Tests iOS";
			sourceTree = "<group>";
		};
		BFBB3C8024A2D5C2007FEFE8 /* Tests macOS */ = {
			isa = PBXGroup;
			children = (
				BFBB3C8124A2D5C2007FEFE8 /* Tests_macOS.swift */,
				BFBB3C8324A2D5C2007FEFE8 /* Info.plist */,
			);
			path = "Tests macOS";
			sourceTree = "<group>";
		};
		FA384B7D24B781D8008E60E3 /* Helpers */ = {
			isa = PBXGroup;
			children = (
				FA384B7E24B781EB008E60E3 /* colorFunctions.swift */,
				FA7E98A924BA5A46002C9476 /* roundNumbers.swift */,
				FA7E98AC24BA5EFA002C9476 /* dateFormatter.swift */,
				FAEDC00C24BB12090034EF6F /* openUrl.swift */,
				FA55FA2B24BF0E1100A5EE13 /* Reachability.swift */,
				FAE1262B24C03D4D002778FB /* avernirNext.swift */,
			);
			path = Helpers;
			sourceTree = "<group>";
		};
		FA48238124B45CC30095E415 /* Classes */ = {
			isa = PBXGroup;
			children = (
				BF315F1624BDF18E00D0118E /* Representables */,
				BFD620B524BC06AA00730632 /* Client.swift */,
			);
			path = Classes;
			sourceTree = "<group>";
		};
		FA7E989F24B9D283002C9476 /* ViewModels */ = {
			isa = PBXGroup;
			children = (
				FA7E98A024B9D677002C9476 /* NetworkViewModel.swift */,
				FAEDC00924BAEA540034EF6F /* ThreadViewModel.swift */,
				FA7E98A324B9DC32002C9476 /* RemoteImageModel.swift */,
				BF315F1724BE0ACA00D0118E /* ProfileViewModel.swift */,
			);
			path = ViewModels;
			sourceTree = "<group>";
		};
		FAE7E31C24B77A550056463B /* Components */ = {
			isa = PBXGroup;
			children = (
				FA384B7324B77A84008E60E3 /* StatusView.swift */,
				FA7E98A624B9DD3F002C9476 /* ProfileImage.swift */,
				FA7499A024BC41D5002A9E69 /* ImageDisplayView.swift */,
				FAF9CA2024BE1C9700BE09BE /* RemoteImage.swift */,
				FA74999D24BC3FBD002A9E69 /* AttachmentView.swift */,
				BFD620BE24BC0D9300730632 /* RecommendedProfile.swift */,
				BF44789424C0A1F20090DF76 /* AttributedTextView.swift */,
			);
			path = Components;
			sourceTree = "<group>";
		};
/* End PBXGroup section */

/* Begin PBXNativeTarget section */
		BFBB3C6124A2D5C2007FEFE8 /* iOS */ = {
			isa = PBXNativeTarget;
			buildConfigurationList = BFBB3C8C24A2D5C2007FEFE8 /* Build configuration list for PBXNativeTarget "iOS" */;
			buildPhases = (
				BFBB3C5E24A2D5C2007FEFE8 /* Sources */,
				BFBB3C5F24A2D5C2007FEFE8 /* Frameworks */,
				BFBB3C6024A2D5C2007FEFE8 /* Resources */,
				BF673EFD24B4072700A97FF3 /* Run SwiftLint */,
			);
			buildRules = (
			);
			dependencies = (
			);
			name = iOS;
			packageProductDependencies = (
				BF1A91E624C3DF2400920C83 /* Atributika */,
			);
			productName = iOS;
			productReference = BFBB3C6224A2D5C2007FEFE8 /* Hyperspace.app */;
			productType = "com.apple.product-type.application";
		};
		BFBB3C6924A2D5C2007FEFE8 /* macOS */ = {
			isa = PBXNativeTarget;
			buildConfigurationList = BFBB3C8F24A2D5C2007FEFE8 /* Build configuration list for PBXNativeTarget "macOS" */;
			buildPhases = (
				BFBB3C6624A2D5C2007FEFE8 /* Sources */,
				BFBB3C6724A2D5C2007FEFE8 /* Frameworks */,
				BFBB3C6824A2D5C2007FEFE8 /* Resources */,
				BF673EFE24B4074200A97FF3 /* Run SwiftLint */,
			);
			buildRules = (
			);
			dependencies = (
			);
			name = macOS;
			packageProductDependencies = (
				BF1A91E824C3DF2D00920C83 /* Atributika */,
			);
			productName = macOS;
			productReference = BFBB3C6A24A2D5C2007FEFE8 /* Hyperspace.app */;
			productType = "com.apple.product-type.application";
		};
		BFBB3C7124A2D5C2007FEFE8 /* Tests iOS */ = {
			isa = PBXNativeTarget;
			buildConfigurationList = BFBB3C9224A2D5C2007FEFE8 /* Build configuration list for PBXNativeTarget "Tests iOS" */;
			buildPhases = (
				BFBB3C6E24A2D5C2007FEFE8 /* Sources */,
				BFBB3C6F24A2D5C2007FEFE8 /* Frameworks */,
				BFBB3C7024A2D5C2007FEFE8 /* Resources */,
			);
			buildRules = (
			);
			dependencies = (
				BFBB3C7424A2D5C2007FEFE8 /* PBXTargetDependency */,
			);
			name = "Tests iOS";
			productName = "Tests iOS";
			productReference = BFBB3C7224A2D5C2007FEFE8 /* Tests iOS.xctest */;
			productType = "com.apple.product-type.bundle.ui-testing";
		};
		BFBB3C7C24A2D5C2007FEFE8 /* Tests macOS */ = {
			isa = PBXNativeTarget;
			buildConfigurationList = BFBB3C9524A2D5C2007FEFE8 /* Build configuration list for PBXNativeTarget "Tests macOS" */;
			buildPhases = (
				BFBB3C7924A2D5C2007FEFE8 /* Sources */,
				BFBB3C7A24A2D5C2007FEFE8 /* Frameworks */,
				BFBB3C7B24A2D5C2007FEFE8 /* Resources */,
			);
			buildRules = (
			);
			dependencies = (
				BFBB3C7F24A2D5C2007FEFE8 /* PBXTargetDependency */,
			);
			name = "Tests macOS";
			productName = "Tests macOS";
			productReference = BFBB3C7D24A2D5C2007FEFE8 /* Tests macOS.xctest */;
			productType = "com.apple.product-type.bundle.ui-testing";
		};
/* End PBXNativeTarget section */

/* Begin PBXProject section */
		BFBB3C5624A2D5BE007FEFE8 /* Project object */ = {
			isa = PBXProject;
			attributes = {
				LastSwiftUpdateCheck = 1200;
				LastUpgradeCheck = 1200;
				TargetAttributes = {
					BFBB3C6124A2D5C2007FEFE8 = {
						CreatedOnToolsVersion = 12.0;
					};
					BFBB3C6924A2D5C2007FEFE8 = {
						CreatedOnToolsVersion = 12.0;
					};
					BFBB3C7124A2D5C2007FEFE8 = {
						CreatedOnToolsVersion = 12.0;
						TestTargetID = BFBB3C6124A2D5C2007FEFE8;
					};
					BFBB3C7C24A2D5C2007FEFE8 = {
						CreatedOnToolsVersion = 12.0;
						TestTargetID = BFBB3C6924A2D5C2007FEFE8;
					};
				};
			};
			buildConfigurationList = BFBB3C5924A2D5BE007FEFE8 /* Build configuration list for PBXProject "Hyperspace" */;
			compatibilityVersion = "Xcode 9.3";
			developmentRegion = en;
			hasScannedForEncodings = 0;
			knownRegions = (
				en,
				Base,
			);
			mainGroup = BFBB3C5524A2D5BE007FEFE8;
			packageReferences = (
				BF1A91E524C3DF2400920C83 /* XCRemoteSwiftPackageReference "Atributika" */,
			);
			productRefGroup = BFBB3C6324A2D5C2007FEFE8 /* Products */;
			projectDirPath = "";
			projectRoot = "";
			targets = (
				BFBB3C6124A2D5C2007FEFE8 /* iOS */,
				BFBB3C6924A2D5C2007FEFE8 /* macOS */,
				BFBB3C7124A2D5C2007FEFE8 /* Tests iOS */,
				BFBB3C7C24A2D5C2007FEFE8 /* Tests macOS */,
			);
		};
/* End PBXProject section */

/* Begin PBXResourcesBuildPhase section */
		BFBB3C6024A2D5C2007FEFE8 /* Resources */ = {
			isa = PBXResourcesBuildPhase;
			buildActionMask = 2147483647;
			files = (
				BFBB3C8824A2D5C2007FEFE8 /* Assets.xcassets in Resources */,
			);
			runOnlyForDeploymentPostprocessing = 0;
		};
		BFBB3C6824A2D5C2007FEFE8 /* Resources */ = {
			isa = PBXResourcesBuildPhase;
			buildActionMask = 2147483647;
			files = (
				BFBB3C8924A2D5C2007FEFE8 /* Assets.xcassets in Resources */,
			);
			runOnlyForDeploymentPostprocessing = 0;
		};
		BFBB3C7024A2D5C2007FEFE8 /* Resources */ = {
			isa = PBXResourcesBuildPhase;
			buildActionMask = 2147483647;
			files = (
			);
			runOnlyForDeploymentPostprocessing = 0;
		};
		BFBB3C7B24A2D5C2007FEFE8 /* Resources */ = {
			isa = PBXResourcesBuildPhase;
			buildActionMask = 2147483647;
			files = (
			);
			runOnlyForDeploymentPostprocessing = 0;
		};
/* End PBXResourcesBuildPhase section */

/* Begin PBXShellScriptBuildPhase section */
		BF673EFD24B4072700A97FF3 /* Run SwiftLint */ = {
			isa = PBXShellScriptBuildPhase;
			buildActionMask = 2147483647;
			files = (
			);
			inputFileListPaths = (
			);
			inputPaths = (
			);
			name = "Run SwiftLint";
			outputFileListPaths = (
			);
			outputPaths = (
			);
			runOnlyForDeploymentPostprocessing = 0;
			shellPath = /bin/sh;
			shellScript = "if which swiftlint >/dev/null; then\n  swiftlint\nelse\n  echo \"warning: SwiftLint not installed, download from https://github.com/realm/SwiftLint\"\nfi\n";
		};
		BF673EFE24B4074200A97FF3 /* Run SwiftLint */ = {
			isa = PBXShellScriptBuildPhase;
			buildActionMask = 2147483647;
			files = (
			);
			inputFileListPaths = (
			);
			inputPaths = (
			);
			name = "Run SwiftLint";
			outputFileListPaths = (
			);
			outputPaths = (
			);
			runOnlyForDeploymentPostprocessing = 0;
			shellPath = /bin/sh;
			shellScript = "if which swiftlint >/dev/null; then\n  swiftlint\nelse\n  echo \"warning: SwiftLint not installed, download from https://github.com/realm/SwiftLint\"\nfi\n";
		};
/* End PBXShellScriptBuildPhase section */

/* Begin PBXSourcesBuildPhase section */
		BFBB3C5E24A2D5C2007FEFE8 /* Sources */ = {
			isa = PBXSourcesBuildPhase;
			buildActionMask = 2147483647;
			files = (
				BF673F2224B4CCEE00A97FF3 /* AttachmentType.swift in Sources */,
				FAE1262C24C03D4D002778FB /* avernirNext.swift in Sources */,
				FA48238624B46A860095E415 /* Field.swift in Sources */,
				BF11463E24B613E70040691B /* Standard.swift in Sources */,
				BFBB3C8624A2D5C2007FEFE8 /* ContentView.swift in Sources */,
				BFE07C8D24BCAF6100203706 /* ProfileView.swift in Sources */,
				BF44789524C0A1F20090DF76 /* AttributedTextView.swift in Sources */,
				BF673F0D24B4BD2800A97FF3 /* Tag.swift in Sources */,
				FAE4B25F24B4EE83000B5405 /* Announcement.swift in Sources */,
				BF673F2B24B4D08F00A97FF3 /* Instance.swift in Sources */,
				FA384B7424B77A84008E60E3 /* StatusView.swift in Sources */,
				FAF9CA2124BE1C9700BE09BE /* RemoteImage.swift in Sources */,
				BF673F1624B4C30A00A97FF3 /* CardType.swift in Sources */,
				FAE4B26524B4F532000B5405 /* Relationship.swift in Sources */,
				BFE07C8724BCA6F800203706 /* RecommendedView.swift in Sources */,
				FAE4B26224B4F1FA000B5405 /* AnnouncementReaction.swift in Sources */,
				BFD620BC24BC09E000730632 /* ExploreView.swift in Sources */,
				FA7E98A424B9DC32002C9476 /* RemoteImageModel.swift in Sources */,
				BF014B0E24B67CBE002C5812 /* AppTabNavigation.swift in Sources */,
				BF0391EB24BE9BAA004987D5 /* NotificationsView.swift in Sources */,
				BF673F1024B4BDA300A97FF3 /* History.swift in Sources */,
				FA48238924B46E580095E415 /* Emoji.swift in Sources */,
				BFD620B924BC078100730632 /* TimelineScope.swift in Sources */,
				FAE4B25C24B4ABFA000B5405 /* Status.swift in Sources */,
				BF673F1924B4C37200A97FF3 /* Card.swift in Sources */,
				FAE4B25624B47032000B5405 /* Source.swift in Sources */,
				BFE07C8A24BCA86B00203706 /* HomeView.swift in Sources */,
				FA7E98A724B9DD3F002C9476 /* ProfileImage.swift in Sources */,
				BF673F0A24B4AF2D00A97FF3 /* NotificationType.swift in Sources */,
				BF673F0724B4AEBA00A97FF3 /* Notification.swift in Sources */,
				BF455EDB24B402120066FB1B /* Visibility.swift in Sources */,
				BF8D008724BE38D100F330E5 /* ExploreViewModel.swift in Sources */,
				FAE4B26824B500DC000B5405 /* PollOption.swift in Sources */,
				BF673F2824B4CF9200A97FF3 /* Context.swift in Sources */,
				FA7E98AA24BA5A46002C9476 /* roundNumbers.swift in Sources */,
				BF315F1824BE0ACA00D0118E /* ProfileViewModel.swift in Sources */,
				FA384B7F24B781EB008E60E3 /* colorFunctions.swift in Sources */,
				FA74999E24BC3FBD002A9E69 /* AttachmentView.swift in Sources */,
				FA7499A124BC41D5002A9E69 /* ImageDisplayView.swift in Sources */,
				FAEDC00A24BAEA540034EF6F /* ThreadViewModel.swift in Sources */,
				FA55FA2C24BF0E1100A5EE13 /* Reachability.swift in Sources */,
				BF673F1C24B4C93000A97FF3 /* Poll.swift in Sources */,
				BFBB3C8424A2D5C2007FEFE8 /* StarlightApp.swift in Sources */,
				BF673F1F24B4CB5B00A97FF3 /* Mention.swift in Sources */,
				BF673F1324B4C20200A97FF3 /* Application.swift in Sources */,
				FA7E98A124B9D677002C9476 /* NetworkViewModel.swift in Sources */,
				BFD620B624BC06AA00730632 /* Client.swift in Sources */,
				BFD620BF24BC0D9300730632 /* RecommendedProfile.swift in Sources */,
				BF673F0424B4A51F00A97FF3 /* Account.swift in Sources */,
				FA7E988D24B86686002C9476 /* ThreadView.swift in Sources */,
				BF673F2524B4CD6500A97FF3 /* Attachment.swift in Sources */,
				FAEDC00D24BB12090034EF6F /* openUrl.swift in Sources */,
				FA7E98AD24BA5EFA002C9476 /* dateFormatter.swift in Sources */,
				FA7E989724B8EB27002C9476 /* NetworkView.swift in Sources */,
			);
			runOnlyForDeploymentPostprocessing = 0;
		};
		BFBB3C6624A2D5C2007FEFE8 /* Sources */ = {
			isa = PBXSourcesBuildPhase;
			buildActionMask = 2147483647;
			files = (
				BFD620BA24BC078100730632 /* TimelineScope.swift in Sources */,
				BFD620C024BC0D9300730632 /* RecommendedProfile.swift in Sources */,
				BF673F2324B4CCEE00A97FF3 /* AttachmentType.swift in Sources */,
				FA7E98A524B9DC32002C9476 /* RemoteImageModel.swift in Sources */,
				FA48238724B46A860095E415 /* Field.swift in Sources */,
				BFE07C8B24BCA86B00203706 /* HomeView.swift in Sources */,
				FA74999F24BC3FBD002A9E69 /* AttachmentView.swift in Sources */,
				BF11463F24B613E70040691B /* Standard.swift in Sources */,
				BFBB3C8724A2D5C2007FEFE8 /* ContentView.swift in Sources */,
				BF673F0E24B4BD2800A97FF3 /* Tag.swift in Sources */,
				FAE4B26024B4EE83000B5405 /* Announcement.swift in Sources */,
				FA7E989E24B9A827002C9476 /* ThreadView.swift in Sources */,
				FAEDC00B24BAEA540034EF6F /* ThreadViewModel.swift in Sources */,
				FAEDC00E24BB12090034EF6F /* openUrl.swift in Sources */,
				FA7E98A224B9D677002C9476 /* NetworkViewModel.swift in Sources */,
				BF673F2C24B4D08F00A97FF3 /* Instance.swift in Sources */,
				BF673F1724B4C30A00A97FF3 /* CardType.swift in Sources */,
				FAE4B26624B4F532000B5405 /* Relationship.swift in Sources */,
				BF44789624C0A1F20090DF76 /* AttributedTextView.swift in Sources */,
				FAE4B26324B4F1FA000B5405 /* AnnouncementReaction.swift in Sources */,
				BF673F1124B4BDA300A97FF3 /* History.swift in Sources */,
				BFD620B724BC06AA00730632 /* Client.swift in Sources */,
				FA48238A24B46E580095E415 /* Emoji.swift in Sources */,
				FA7E98AE24BA5EFA002C9476 /* dateFormatter.swift in Sources */,
				BF0391EC24BE9BAA004987D5 /* NotificationsView.swift in Sources */,
				FA7E98AB24BA5A46002C9476 /* roundNumbers.swift in Sources */,
				FA7499A224BC41D5002A9E69 /* ImageDisplayView.swift in Sources */,
				FAE4B25D24B4ABFA000B5405 /* Status.swift in Sources */,
				BF673F1A24B4C37200A97FF3 /* Card.swift in Sources */,
				FA55FA2D24BF0E1100A5EE13 /* Reachability.swift in Sources */,
				FAF9CA2224BE1C9700BE09BE /* RemoteImage.swift in Sources */,
				FAE4B25724B47032000B5405 /* Source.swift in Sources */,
				BF673F0B24B4AF2D00A97FF3 /* NotificationType.swift in Sources */,
				BF673F0824B4AEBA00A97FF3 /* Notification.swift in Sources */,
				BF455EDC24B402120066FB1B /* Visibility.swift in Sources */,
				FA7E989A24B8EB79002C9476 /* colorFunctions.swift in Sources */,
				BFE07C8824BCA6F800203706 /* RecommendedView.swift in Sources */,
				FA7E989924B8EB6C002C9476 /* StatusView.swift in Sources */,
				FAE4B26924B500DC000B5405 /* PollOption.swift in Sources */,
				BF673F2924B4CF9200A97FF3 /* Context.swift in Sources */,
				BF673F1D24B4C93000A97FF3 /* Poll.swift in Sources */,
				BFE07C8E24BCAF6100203706 /* ProfileView.swift in Sources */,
				BF315F1924BE0ACA00D0118E /* ProfileViewModel.swift in Sources */,
				BFBB3C8524A2D5C2007FEFE8 /* StarlightApp.swift in Sources */,
				BF673F2024B4CB5B00A97FF3 /* Mention.swift in Sources */,
				BF673F1424B4C20200A97FF3 /* Application.swift in Sources */,
				BF673F0524B4A51F00A97FF3 /* Account.swift in Sources */,
				FAE1262D24C03D4D002778FB /* avernirNext.swift in Sources */,
				FA7E98A824B9DD3F002C9476 /* ProfileImage.swift in Sources */,
				FA7E989824B8EB27002C9476 /* NetworkView.swift in Sources */,
				BF673F2624B4CD6500A97FF3 /* Attachment.swift in Sources */,
			);
			runOnlyForDeploymentPostprocessing = 0;
		};
		BFBB3C6E24A2D5C2007FEFE8 /* Sources */ = {
			isa = PBXSourcesBuildPhase;
			buildActionMask = 2147483647;
			files = (
				BFBB3C7724A2D5C2007FEFE8 /* Tests_iOS.swift in Sources */,
			);
			runOnlyForDeploymentPostprocessing = 0;
		};
		BFBB3C7924A2D5C2007FEFE8 /* Sources */ = {
			isa = PBXSourcesBuildPhase;
			buildActionMask = 2147483647;
			files = (
				BFBB3C8224A2D5C2007FEFE8 /* Tests_macOS.swift in Sources */,
			);
			runOnlyForDeploymentPostprocessing = 0;
		};
/* End PBXSourcesBuildPhase section */

/* Begin PBXTargetDependency section */
		BFBB3C7424A2D5C2007FEFE8 /* PBXTargetDependency */ = {
			isa = PBXTargetDependency;
			target = BFBB3C6124A2D5C2007FEFE8 /* iOS */;
			targetProxy = BFBB3C7324A2D5C2007FEFE8 /* PBXContainerItemProxy */;
		};
		BFBB3C7F24A2D5C2007FEFE8 /* PBXTargetDependency */ = {
			isa = PBXTargetDependency;
			target = BFBB3C6924A2D5C2007FEFE8 /* macOS */;
			targetProxy = BFBB3C7E24A2D5C2007FEFE8 /* PBXContainerItemProxy */;
		};
/* End PBXTargetDependency section */

/* Begin XCBuildConfiguration section */
		BFBB3C8A24A2D5C2007FEFE8 /* Debug */ = {
			isa = XCBuildConfiguration;
			buildSettings = {
				ALWAYS_SEARCH_USER_PATHS = NO;
				CLANG_ANALYZER_NONNULL = YES;
				CLANG_ANALYZER_NUMBER_OBJECT_CONVERSION = YES_AGGRESSIVE;
				CLANG_CXX_LANGUAGE_STANDARD = "gnu++14";
				CLANG_CXX_LIBRARY = "libc++";
				CLANG_ENABLE_MODULES = YES;
				CLANG_ENABLE_OBJC_ARC = YES;
				CLANG_ENABLE_OBJC_WEAK = YES;
				CLANG_WARN_BLOCK_CAPTURE_AUTORELEASING = YES;
				CLANG_WARN_BOOL_CONVERSION = YES;
				CLANG_WARN_COMMA = YES;
				CLANG_WARN_CONSTANT_CONVERSION = YES;
				CLANG_WARN_DEPRECATED_OBJC_IMPLEMENTATIONS = YES;
				CLANG_WARN_DIRECT_OBJC_ISA_USAGE = YES_ERROR;
				CLANG_WARN_DOCUMENTATION_COMMENTS = YES;
				CLANG_WARN_EMPTY_BODY = YES;
				CLANG_WARN_ENUM_CONVERSION = YES;
				CLANG_WARN_INFINITE_RECURSION = YES;
				CLANG_WARN_INT_CONVERSION = YES;
				CLANG_WARN_NON_LITERAL_NULL_CONVERSION = YES;
				CLANG_WARN_OBJC_IMPLICIT_RETAIN_SELF = YES;
				CLANG_WARN_OBJC_LITERAL_CONVERSION = YES;
				CLANG_WARN_OBJC_ROOT_CLASS = YES_ERROR;
				CLANG_WARN_QUOTED_INCLUDE_IN_FRAMEWORK_HEADER = YES;
				CLANG_WARN_RANGE_LOOP_ANALYSIS = YES;
				CLANG_WARN_STRICT_PROTOTYPES = YES;
				CLANG_WARN_SUSPICIOUS_MOVE = YES;
				CLANG_WARN_UNGUARDED_AVAILABILITY = YES_AGGRESSIVE;
				CLANG_WARN_UNREACHABLE_CODE = YES;
				CLANG_WARN__DUPLICATE_METHOD_MATCH = YES;
				COPY_PHASE_STRIP = NO;
				DEBUG_INFORMATION_FORMAT = dwarf;
				ENABLE_STRICT_OBJC_MSGSEND = YES;
				ENABLE_TESTABILITY = YES;
				GCC_C_LANGUAGE_STANDARD = gnu11;
				GCC_DYNAMIC_NO_PIC = NO;
				GCC_NO_COMMON_BLOCKS = YES;
				GCC_OPTIMIZATION_LEVEL = 0;
				GCC_PREPROCESSOR_DEFINITIONS = (
					"DEBUG=1",
					"$(inherited)",
				);
				GCC_WARN_64_TO_32_BIT_CONVERSION = YES;
				GCC_WARN_ABOUT_RETURN_TYPE = YES_ERROR;
				GCC_WARN_UNDECLARED_SELECTOR = YES;
				GCC_WARN_UNINITIALIZED_AUTOS = YES_AGGRESSIVE;
				GCC_WARN_UNUSED_FUNCTION = YES;
				GCC_WARN_UNUSED_VARIABLE = YES;
				MTL_ENABLE_DEBUG_INFO = INCLUDE_SOURCE;
				MTL_FAST_MATH = YES;
				ONLY_ACTIVE_ARCH = YES;
				SWIFT_ACTIVE_COMPILATION_CONDITIONS = DEBUG;
				SWIFT_OPTIMIZATION_LEVEL = "-Onone";
			};
			name = Debug;
		};
		BFBB3C8B24A2D5C2007FEFE8 /* Release */ = {
			isa = XCBuildConfiguration;
			buildSettings = {
				ALWAYS_SEARCH_USER_PATHS = NO;
				CLANG_ANALYZER_NONNULL = YES;
				CLANG_ANALYZER_NUMBER_OBJECT_CONVERSION = YES_AGGRESSIVE;
				CLANG_CXX_LANGUAGE_STANDARD = "gnu++14";
				CLANG_CXX_LIBRARY = "libc++";
				CLANG_ENABLE_MODULES = YES;
				CLANG_ENABLE_OBJC_ARC = YES;
				CLANG_ENABLE_OBJC_WEAK = YES;
				CLANG_WARN_BLOCK_CAPTURE_AUTORELEASING = YES;
				CLANG_WARN_BOOL_CONVERSION = YES;
				CLANG_WARN_COMMA = YES;
				CLANG_WARN_CONSTANT_CONVERSION = YES;
				CLANG_WARN_DEPRECATED_OBJC_IMPLEMENTATIONS = YES;
				CLANG_WARN_DIRECT_OBJC_ISA_USAGE = YES_ERROR;
				CLANG_WARN_DOCUMENTATION_COMMENTS = YES;
				CLANG_WARN_EMPTY_BODY = YES;
				CLANG_WARN_ENUM_CONVERSION = YES;
				CLANG_WARN_INFINITE_RECURSION = YES;
				CLANG_WARN_INT_CONVERSION = YES;
				CLANG_WARN_NON_LITERAL_NULL_CONVERSION = YES;
				CLANG_WARN_OBJC_IMPLICIT_RETAIN_SELF = YES;
				CLANG_WARN_OBJC_LITERAL_CONVERSION = YES;
				CLANG_WARN_OBJC_ROOT_CLASS = YES_ERROR;
				CLANG_WARN_QUOTED_INCLUDE_IN_FRAMEWORK_HEADER = YES;
				CLANG_WARN_RANGE_LOOP_ANALYSIS = YES;
				CLANG_WARN_STRICT_PROTOTYPES = YES;
				CLANG_WARN_SUSPICIOUS_MOVE = YES;
				CLANG_WARN_UNGUARDED_AVAILABILITY = YES_AGGRESSIVE;
				CLANG_WARN_UNREACHABLE_CODE = YES;
				CLANG_WARN__DUPLICATE_METHOD_MATCH = YES;
				COPY_PHASE_STRIP = NO;
				DEBUG_INFORMATION_FORMAT = "dwarf-with-dsym";
				ENABLE_NS_ASSERTIONS = NO;
				ENABLE_STRICT_OBJC_MSGSEND = YES;
				GCC_C_LANGUAGE_STANDARD = gnu11;
				GCC_NO_COMMON_BLOCKS = YES;
				GCC_WARN_64_TO_32_BIT_CONVERSION = YES;
				GCC_WARN_ABOUT_RETURN_TYPE = YES_ERROR;
				GCC_WARN_UNDECLARED_SELECTOR = YES;
				GCC_WARN_UNINITIALIZED_AUTOS = YES_AGGRESSIVE;
				GCC_WARN_UNUSED_FUNCTION = YES;
				GCC_WARN_UNUSED_VARIABLE = YES;
				MTL_ENABLE_DEBUG_INFO = NO;
				MTL_FAST_MATH = YES;
				SWIFT_COMPILATION_MODE = wholemodule;
				SWIFT_OPTIMIZATION_LEVEL = "-O";
			};
			name = Release;
		};
		BFBB3C8D24A2D5C2007FEFE8 /* Debug */ = {
			isa = XCBuildConfiguration;
			buildSettings = {
				ASSETCATALOG_COMPILER_APPICON_NAME = AppIcon;
				ASSETCATALOG_COMPILER_GLOBAL_ACCENT_COLOR_NAME = AccentColor;
				CODE_SIGN_STYLE = Automatic;
				DEVELOPMENT_TEAM = FQQXSP79X3;
				ENABLE_PREVIEWS = YES;
				INFOPLIST_FILE = iOS/Info.plist;
				IPHONEOS_DEPLOYMENT_TARGET = 14.0;
				LD_RUNPATH_SEARCH_PATHS = (
					"$(inherited)",
					"@executable_path/Frameworks",
				);
				ONLY_ACTIVE_ARCH = NO;
				PRODUCT_BUNDLE_IDENTIFIER = "net.marquiskurt.hyperspace-swiftui";
				PRODUCT_NAME = Hyperspace;
				SDKROOT = iphoneos;
				SWIFT_VERSION = 5.0;
				TARGETED_DEVICE_FAMILY = "1,2";
				VALID_ARCHS = "$(ARCHS_STANDARD) x86_64";
			};
			name = Debug;
		};
		BFBB3C8E24A2D5C2007FEFE8 /* Release */ = {
			isa = XCBuildConfiguration;
			buildSettings = {
				ASSETCATALOG_COMPILER_APPICON_NAME = AppIcon;
				ASSETCATALOG_COMPILER_GLOBAL_ACCENT_COLOR_NAME = AccentColor;
				CODE_SIGN_STYLE = Automatic;
				DEVELOPMENT_TEAM = FQQXSP79X3;
				ENABLE_PREVIEWS = YES;
				INFOPLIST_FILE = iOS/Info.plist;
				IPHONEOS_DEPLOYMENT_TARGET = 14.0;
				LD_RUNPATH_SEARCH_PATHS = (
					"$(inherited)",
					"@executable_path/Frameworks",
				);
				PRODUCT_BUNDLE_IDENTIFIER = "net.marquiskurt.hyperspace-swiftui";
				PRODUCT_NAME = Hyperspace;
				SDKROOT = iphoneos;
				SWIFT_VERSION = 5.0;
				TARGETED_DEVICE_FAMILY = "1,2";
				VALIDATE_PRODUCT = YES;
				VALID_ARCHS = "arm64 arm64e armv7 armv7s";
			};
			name = Release;
		};
		BFBB3C9024A2D5C2007FEFE8 /* Debug */ = {
			isa = XCBuildConfiguration;
			buildSettings = {
				ASSETCATALOG_COMPILER_APPICON_NAME = AppIcon;
				ASSETCATALOG_COMPILER_GLOBAL_ACCENT_COLOR_NAME = AccentColor;
				CODE_SIGN_ENTITLEMENTS = macOS/macOS.entitlements;
				CODE_SIGN_IDENTITY = "Apple Development";
				CODE_SIGN_STYLE = Automatic;
				COMBINE_HIDPI_IMAGES = YES;
				DEVELOPMENT_TEAM = Z2RTAGA7V9;
				ENABLE_HARDENED_RUNTIME = YES;
				ENABLE_PREVIEWS = YES;
				INFOPLIST_FILE = macOS/Info.plist;
				LD_RUNPATH_SEARCH_PATHS = (
					"$(inherited)",
					"@executable_path/../Frameworks",
				);
				MACOSX_DEPLOYMENT_TARGET = 10.16;
				PRODUCT_BUNDLE_IDENTIFIER = "net.marquiskurt.hyperspace-swiftui";
				PRODUCT_NAME = Hyperspace;
				SDKROOT = macosx;
				SWIFT_VERSION = 5.0;
			};
			name = Debug;
		};
		BFBB3C9124A2D5C2007FEFE8 /* Release */ = {
			isa = XCBuildConfiguration;
			buildSettings = {
				ASSETCATALOG_COMPILER_APPICON_NAME = AppIcon;
				ASSETCATALOG_COMPILER_GLOBAL_ACCENT_COLOR_NAME = AccentColor;
				CODE_SIGN_ENTITLEMENTS = macOS/macOS.entitlements;
				CODE_SIGN_IDENTITY = "Apple Development";
				CODE_SIGN_STYLE = Automatic;
				COMBINE_HIDPI_IMAGES = YES;
				DEVELOPMENT_TEAM = Z2RTAGA7V9;
				ENABLE_HARDENED_RUNTIME = YES;
				ENABLE_PREVIEWS = YES;
				INFOPLIST_FILE = macOS/Info.plist;
				LD_RUNPATH_SEARCH_PATHS = (
					"$(inherited)",
					"@executable_path/../Frameworks",
				);
				MACOSX_DEPLOYMENT_TARGET = 10.16;
				PRODUCT_BUNDLE_IDENTIFIER = "net.marquiskurt.hyperspace-swiftui";
				PRODUCT_NAME = Hyperspace;
				SDKROOT = macosx;
				SWIFT_VERSION = 5.0;
			};
			name = Release;
		};
		BFBB3C9324A2D5C2007FEFE8 /* Debug */ = {
			isa = XCBuildConfiguration;
			buildSettings = {
				ALWAYS_EMBED_SWIFT_STANDARD_LIBRARIES = YES;
				CODE_SIGN_STYLE = Automatic;
				DEVELOPMENT_TEAM = FQQXSP79X3;
				INFOPLIST_FILE = "Tests iOS/Info.plist";
				IPHONEOS_DEPLOYMENT_TARGET = 14.0;
				LD_RUNPATH_SEARCH_PATHS = (
					"$(inherited)",
					"@executable_path/Frameworks",
					"@loader_path/Frameworks",
				);
				PRODUCT_BUNDLE_IDENTIFIER = "net.marquiskurt.Tests-iOS";
				PRODUCT_NAME = "$(TARGET_NAME)";
				SDKROOT = iphoneos;
				SWIFT_VERSION = 5.0;
				TARGETED_DEVICE_FAMILY = "1,2";
				TEST_TARGET_NAME = iOS;
			};
			name = Debug;
		};
		BFBB3C9424A2D5C2007FEFE8 /* Release */ = {
			isa = XCBuildConfiguration;
			buildSettings = {
				ALWAYS_EMBED_SWIFT_STANDARD_LIBRARIES = YES;
				CODE_SIGN_STYLE = Automatic;
				DEVELOPMENT_TEAM = FQQXSP79X3;
				INFOPLIST_FILE = "Tests iOS/Info.plist";
				IPHONEOS_DEPLOYMENT_TARGET = 14.0;
				LD_RUNPATH_SEARCH_PATHS = (
					"$(inherited)",
					"@executable_path/Frameworks",
					"@loader_path/Frameworks",
				);
				PRODUCT_BUNDLE_IDENTIFIER = "net.marquiskurt.Tests-iOS";
				PRODUCT_NAME = "$(TARGET_NAME)";
				SDKROOT = iphoneos;
				SWIFT_VERSION = 5.0;
				TARGETED_DEVICE_FAMILY = "1,2";
				TEST_TARGET_NAME = iOS;
				VALIDATE_PRODUCT = YES;
			};
			name = Release;
		};
		BFBB3C9624A2D5C2007FEFE8 /* Debug */ = {
			isa = XCBuildConfiguration;
			buildSettings = {
				ALWAYS_EMBED_SWIFT_STANDARD_LIBRARIES = YES;
				CODE_SIGN_STYLE = Automatic;
				COMBINE_HIDPI_IMAGES = YES;
				DEVELOPMENT_TEAM = FQQXSP79X3;
				INFOPLIST_FILE = "Tests macOS/Info.plist";
				LD_RUNPATH_SEARCH_PATHS = (
					"$(inherited)",
					"@executable_path/../Frameworks",
					"@loader_path/../Frameworks",
				);
				MACOSX_DEPLOYMENT_TARGET = 10.16;
				PRODUCT_BUNDLE_IDENTIFIER = "net.marquiskurt.Tests-macOS";
				PRODUCT_NAME = "$(TARGET_NAME)";
				SDKROOT = macosx;
				SWIFT_VERSION = 5.0;
				TEST_TARGET_NAME = macOS;
			};
			name = Debug;
		};
		BFBB3C9724A2D5C2007FEFE8 /* Release */ = {
			isa = XCBuildConfiguration;
			buildSettings = {
				ALWAYS_EMBED_SWIFT_STANDARD_LIBRARIES = YES;
				CODE_SIGN_STYLE = Automatic;
				COMBINE_HIDPI_IMAGES = YES;
				DEVELOPMENT_TEAM = FQQXSP79X3;
				INFOPLIST_FILE = "Tests macOS/Info.plist";
				LD_RUNPATH_SEARCH_PATHS = (
					"$(inherited)",
					"@executable_path/../Frameworks",
					"@loader_path/../Frameworks",
				);
				MACOSX_DEPLOYMENT_TARGET = 10.16;
				PRODUCT_BUNDLE_IDENTIFIER = "net.marquiskurt.Tests-macOS";
				PRODUCT_NAME = "$(TARGET_NAME)";
				SDKROOT = macosx;
				SWIFT_VERSION = 5.0;
				TEST_TARGET_NAME = macOS;
			};
			name = Release;
		};
/* End XCBuildConfiguration section */

/* Begin XCConfigurationList section */
		BFBB3C5924A2D5BE007FEFE8 /* Build configuration list for PBXProject "Hyperspace" */ = {
			isa = XCConfigurationList;
			buildConfigurations = (
				BFBB3C8A24A2D5C2007FEFE8 /* Debug */,
				BFBB3C8B24A2D5C2007FEFE8 /* Release */,
			);
			defaultConfigurationIsVisible = 0;
			defaultConfigurationName = Release;
		};
		BFBB3C8C24A2D5C2007FEFE8 /* Build configuration list for PBXNativeTarget "iOS" */ = {
			isa = XCConfigurationList;
			buildConfigurations = (
				BFBB3C8D24A2D5C2007FEFE8 /* Debug */,
				BFBB3C8E24A2D5C2007FEFE8 /* Release */,
			);
			defaultConfigurationIsVisible = 0;
			defaultConfigurationName = Release;
		};
		BFBB3C8F24A2D5C2007FEFE8 /* Build configuration list for PBXNativeTarget "macOS" */ = {
			isa = XCConfigurationList;
			buildConfigurations = (
				BFBB3C9024A2D5C2007FEFE8 /* Debug */,
				BFBB3C9124A2D5C2007FEFE8 /* Release */,
			);
			defaultConfigurationIsVisible = 0;
			defaultConfigurationName = Release;
		};
		BFBB3C9224A2D5C2007FEFE8 /* Build configuration list for PBXNativeTarget "Tests iOS" */ = {
			isa = XCConfigurationList;
			buildConfigurations = (
				BFBB3C9324A2D5C2007FEFE8 /* Debug */,
				BFBB3C9424A2D5C2007FEFE8 /* Release */,
			);
			defaultConfigurationIsVisible = 0;
			defaultConfigurationName = Release;
		};
		BFBB3C9524A2D5C2007FEFE8 /* Build configuration list for PBXNativeTarget "Tests macOS" */ = {
			isa = XCConfigurationList;
			buildConfigurations = (
				BFBB3C9624A2D5C2007FEFE8 /* Debug */,
				BFBB3C9724A2D5C2007FEFE8 /* Release */,
			);
			defaultConfigurationIsVisible = 0;
			defaultConfigurationName = Release;
		};
/* End XCConfigurationList section */

/* Begin XCRemoteSwiftPackageReference section */
		BF1A91E524C3DF2400920C83 /* XCRemoteSwiftPackageReference "Atributika" */ = {
			isa = XCRemoteSwiftPackageReference;
			repositoryURL = "https://github.com/psharanda/Atributika";
			requirement = {
				kind = upToNextMajorVersion;
				minimumVersion = 4.9.9;
			};
		};
/* End XCRemoteSwiftPackageReference section */

/* Begin XCSwiftPackageProductDependency section */
		BF1A91E624C3DF2400920C83 /* Atributika */ = {
			isa = XCSwiftPackageProductDependency;
			package = BF1A91E524C3DF2400920C83 /* XCRemoteSwiftPackageReference "Atributika" */;
			productName = Atributika;
		};
		BF1A91E824C3DF2D00920C83 /* Atributika */ = {
			isa = XCSwiftPackageProductDependency;
			package = BF1A91E524C3DF2400920C83 /* XCRemoteSwiftPackageReference "Atributika" */;
			productName = Atributika;
		};
/* End XCSwiftPackageProductDependency section */
	};
	rootObject = BFBB3C5624A2D5BE007FEFE8 /* Project object */;
}
